
Microsoft Visual Studio Solution File, Format Version 12.00
# Visual Studio Version 17
VisualStudioVersion = 17.9.34622.214
MinimumVisualStudioVersion = 10.0.40219.1
Project("{FAE04EC0-301F-11D3-BF4B-00C04F79EFBC}") = "Lab1DBMS", "Lab1DBMS.csproj", "{B2DFCBD9-8B0F-4CD2-B19F-503083A6993D}"
EndProject
Global
	GlobalSection(SolutionConfigurationPlatforms) = preSolution
		Debug|Any CPU = Debug|Any CPU
		Release|Any CPU = Release|Any CPU
	EndGlobalSection
	GlobalSection(ProjectConfigurationPlatforms) = postSolution
		{B2DFCBD9-8B0F-4CD2-B19F-503083A6993D}.Debug|Any CPU.ActiveCfg = Debug|Any CPU
		{B2DFCBD9-8B0F-4CD2-B19F-503083A6993D}.Debug|Any CPU.Build.0 = Debug|Any CPU
		{B2DFCBD9-8B0F-4CD2-B19F-503083A6993D}.Release|Any CPU.ActiveCfg = Release|Any CPU
		{B2DFCBD9-8B0F-4CD2-B19F-503083A6993D}.Release|Any CPU.Build.0 = Release|Any CPU
	EndGlobalSection
	GlobalSection(SolutionProperties) = preSolution
		HideSolutionNode = FALSE
	EndGlobalSection
	GlobalSection(ExtensibilityGlobals) = postSolution
		SolutionGuid = {640676A5-1681-4C9A-A080-EA6016CF01F0}
	EndGlobalSection
EndGlobal
